
Microsoft Visual Studio Solution File, Format Version 12.00
# Visual Studio Version 17
VisualStudioVersion = 17.5.33530.505
MinimumVisualStudioVersion = 10.0.40219.1
Project("{FAE04EC0-301F-11D3-BF4B-00C04F79EFBC}") = "NotesApi", "NotesApi\NotesApi.csproj", "{77BFDE27-4172-4333-95B0-3C4BB326BCC3}"
EndProject
Project("{FAE04EC0-301F-11D3-BF4B-00C04F79EFBC}") = "NotesTypes", "NotesTypes\NotesTypes.csproj", "{7F66BB93-F0F8-4069-9D4C-9E39B933C09A}"
EndProject
Project("{FAE04EC0-301F-11D3-BF4B-00C04F79EFBC}") = "NotesTests", "NotesTests\NotesTests.csproj", "{5B9F2B26-205D-4739-861E-74364A0DB6F0}"
EndProject
Global
	GlobalSection(SolutionConfigurationPlatforms) = preSolution
		Debug|Any CPU = Debug|Any CPU
		Release|Any CPU = Release|Any CPU
	EndGlobalSection
	GlobalSection(ProjectConfigurationPlatforms) = postSolution
		{77BFDE27-4172-4333-95B0-3C4BB326BCC3}.Debug|Any CPU.ActiveCfg = Debug|Any CPU
		{77BFDE27-4172-4333-95B0-3C4BB326BCC3}.Debug|Any CPU.Build.0 = Debug|Any CPU
		{77BFDE27-4172-4333-95B0-3C4BB326BCC3}.Release|Any CPU.ActiveCfg = Release|Any CPU
		{77BFDE27-4172-4333-95B0-3C4BB326BCC3}.Release|Any CPU.Build.0 = Release|Any CPU
		{7F66BB93-F0F8-4069-9D4C-9E39B933C09A}.Debug|Any CPU.ActiveCfg = Debug|Any CPU
		{7F66BB93-F0F8-4069-9D4C-9E39B933C09A}.Debug|Any CPU.Build.0 = Debug|Any CPU
		{7F66BB93-F0F8-4069-9D4C-9E39B933C09A}.Release|Any CPU.ActiveCfg = Release|Any CPU
		{7F66BB93-F0F8-4069-9D4C-9E39B933C09A}.Release|Any CPU.Build.0 = Release|Any CPU
		{5B9F2B26-205D-4739-861E-74364A0DB6F0}.Debug|Any CPU.ActiveCfg = Debug|Any CPU
		{5B9F2B26-205D-4739-861E-74364A0DB6F0}.Debug|Any CPU.Build.0 = Debug|Any CPU
		{5B9F2B26-205D-4739-861E-74364A0DB6F0}.Release|Any CPU.ActiveCfg = Release|Any CPU
		{5B9F2B26-205D-4739-861E-74364A0DB6F0}.Release|Any CPU.Build.0 = Release|Any CPU
	EndGlobalSection
	GlobalSection(SolutionProperties) = preSolution
		HideSolutionNode = FALSE
	EndGlobalSection
	GlobalSection(ExtensibilityGlobals) = postSolution
		SolutionGuid = {5E9797D3-C18D-4671-A37D-6032E3C40F0B}
	EndGlobalSection
EndGlobal
